# This is a Gradle generated file for dependency locking.
# Manual edits can break the build and are not advised.
# This file is expected to be part of source control.
# To regenerate this file, run: ./gradlew :app:dependencies --write-locks
androidx.activity:activity-compose:1.13.0=lightningLiteDebugRuntimeClasspath,lightningLiteReleaseRuntimeClasspath,lightningPlusDebugRuntimeClasspath,lightningPlusReleaseRuntimeClasspath
androidx.activity:activity-ktx:1.13.0=lightningLiteDebugRuntimeClasspath,lightningLiteReleaseRuntimeClasspath,lightningPlusDebugRuntimeClasspath,lightningPlusReleaseRuntimeClasspath
androidx.activity:activity:1.13.0=lightningLiteDebugRuntimeClasspath,lightningLiteReleaseRuntimeClasspath,lightningPlusDebugRuntimeClasspath,lightningPlusReleaseRuntimeClasspath
androidx.annotation:annotation-experimental:1.4.1=lightningLiteDebugRuntimeClasspath,lightningLiteReleaseRuntimeClasspath,lightningPlusDebugRuntimeClasspath,lightningPlusReleaseRuntimeClasspath
androidx.annotation:annotation-jvm:1.10.0=lightningLiteDebugRuntimeClasspath,lightningLiteReleaseRuntimeClasspath,lightningPlusDebugRuntimeClasspath,lightningPlusReleaseRuntimeClasspath
androidx.annotation:annotation:1.10.0=lightningLiteDebugRuntimeClasspath,lightningLiteReleaseRuntimeClasspath,lightningPlusDebugRuntimeClasspath,lightningPlusReleaseRuntimeClasspath
androidx.appcompat:appcompat-resources:1.8.0=lightningLiteDebugRuntimeClasspath,lightningLiteReleaseRuntimeClasspath,lightningPlusDebugRuntimeClasspath,lightningPlusReleaseRuntimeClasspath
androidx.appcompat:appcompat:1.8.0=lightningLiteDebugRuntimeClasspath,lightningLiteReleaseRuntimeClasspath,lightningPlusDebugRuntimeClasspath,lightningPlusReleaseRuntimeClasspath
androidx.arch.core:core-common:2.2.0=lightningLiteDebugRuntimeClasspath,lightningLiteReleaseRuntimeClasspath,lightningPlusDebugRuntimeClasspath,lightningPlusReleaseRuntimeClasspath
androidx.arch.core:core-runtime:2.2.0=lightningLiteDebugRuntimeClasspath,lightningLiteReleaseRuntimeClasspath,lightningPlusDebugRuntimeClasspath,lightningPlusReleaseRuntimeClasspath
androidx.autofill:autofill:1.0.0=lightningLiteDebugRuntimeClasspath,lightningLiteReleaseRuntimeClasspath,lightningPlusDebugRuntimeClasspath,lightningPlusReleaseRuntimeClasspath
androidx.cardview:cardview:1.0.0=lightningLiteDebugRuntimeClasspath,lightningLiteReleaseRuntimeClasspath,lightningPlusDebugRuntimeClasspath,lightningPlusReleaseRuntimeClasspath
androidx.collection:collection-jvm:1.6.0=lightningLiteDebugRuntimeClasspath,lightningLiteReleaseRuntimeClasspath,lightningPlusDebugRuntimeClasspath,lightningPlusReleaseRuntimeClasspath
androidx.collection:collection-ktx:1.6.0=lightningLiteDebugRuntimeClasspath,lightningLiteReleaseRuntimeClasspath,lightningPlusDebugRuntimeClasspath,lightningPlusReleaseRuntimeClasspath
androidx.collection:collection:1.6.0=lightningLiteDebugRuntimeClasspath,lightningLiteReleaseRuntimeClasspath,lightningPlusDebugRuntimeClasspath,lightningPlusReleaseRuntimeClasspath
androidx.compose.animation:animation-android:1.12.0=lightningLiteDebugRuntimeClasspath,lightningLiteReleaseRuntimeClasspath,lightningPlusDebugRuntimeClasspath,lightningPlusReleaseRuntimeClasspath
androidx.compose.animation:animation-core-android:1.12.0=lightningLiteDebugRuntimeClasspath,lightningLiteReleaseRuntimeClasspath,lightningPlusDebugRuntimeClasspath,lightningPlusReleaseRuntimeClasspath
androidx.compose.animation:animation-core:1.12.0=lightningLiteDebugRuntimeClasspath,lightningLiteReleaseRuntimeClasspath,lightningPlusDebugRuntimeClasspath,lightningPlusReleaseRuntimeClasspath
androidx.compose.animation:animation:1.12.0=lightningLiteDebugRuntimeClasspath,lightningLiteReleaseRuntimeClasspath,lightningPlusDebugRuntimeClasspath,lightningPlusReleaseRuntimeClasspath
androidx.compose.foundation:foundation-android:1.12.0=lightningLiteDebugRuntimeClasspath,lightningLiteReleaseRuntimeClasspath,lightningPlusDebugRuntimeClasspath,lightningPlusReleaseRuntimeClasspath
androidx.compose.foundation:foundation-layout-android:1.12.0=lightningLiteDebugRuntimeClasspath,lightningLiteReleaseRuntimeClasspath,lightningPlusDebugRuntimeClasspath,lightningPlusReleaseRuntimeClasspath
androidx.compose.foundation:foundation-layout:1.12.0=lightningLiteDebugRuntimeClasspath,lightningLiteReleaseRuntimeClasspath,lightningPlusDebugRuntimeClasspath,lightningPlusReleaseRuntimeClasspath
androidx.compose.foundation:foundation:1.12.0=lightningLiteDebugRuntimeClasspath,lightningLiteReleaseRuntimeClasspath,lightningPlusDebugRuntimeClasspath,lightningPlusReleaseRuntimeClasspath
androidx.compose.material3:material3-android:1.4.0=lightningLiteDebugRuntimeClasspath,lightningLiteReleaseRuntimeClasspath,lightningPlusDebugRuntimeClasspath,lightningPlusReleaseRuntimeClasspath
androidx.compose.material3:material3:1.4.0=lightningLiteDebugRuntimeClasspath,lightningLiteReleaseRuntimeClasspath,lightningPlusDebugRuntimeClasspath,lightningPlusReleaseRuntimeClasspath
androidx.compose.material:material-ripple-android:1.12.0=lightningLiteDebugRuntimeClasspath,lightningLiteReleaseRuntimeClasspath,lightningPlusDebugRuntimeClasspath,lightningPlusReleaseRuntimeClasspath
androidx.compose.material:material-ripple:1.12.0=lightningLiteDebugRuntimeClasspath,lightningLiteReleaseRuntimeClasspath,lightningPlusDebugRuntimeClasspath,lightningPlusReleaseRuntimeClasspath
androidx.compose.runtime:runtime-android:1.12.0=lightningLiteDebugRuntimeClasspath,lightningLiteReleaseRuntimeClasspath,lightningPlusDebugRuntimeClasspath,lightningPlusReleaseRuntimeClasspath
androidx.compose.runtime:runtime-annotation-android:1.12.0=lightningLiteDebugRuntimeClasspath,lightningLiteReleaseRuntimeClasspath,lightningPlusDebugRuntimeClasspath,lightningPlusReleaseRuntimeClasspath
androidx.compose.runtime:runtime-annotation:1.12.0=lightningLiteDebugRuntimeClasspath,lightningLiteReleaseRuntimeClasspath,lightningPlusDebugRuntimeClasspath,lightningPlusReleaseRuntimeClasspath
androidx.compose.runtime:runtime-retain-android:1.12.0=lightningLiteDebugRuntimeClasspath,lightningLiteReleaseRuntimeClasspath,lightningPlusDebugRuntimeClasspath,lightningPlusReleaseRuntimeClasspath
androidx.compose.runtime:runtime-retain:1.12.0=lightningLiteDebugRuntimeClasspath,lightningLiteReleaseRuntimeClasspath,lightningPlusDebugRuntimeClasspath,lightningPlusReleaseRuntimeClasspath
androidx.compose.runtime:runtime-saveable-android:1.12.0=lightningLiteDebugRuntimeClasspath,lightningLiteReleaseRuntimeClasspath,lightningPlusDebugRuntimeClasspath,lightningPlusReleaseRuntimeClasspath
androidx.compose.runtime:runtime-saveable:1.12.0=lightningLiteDebugRuntimeClasspath,lightningLiteReleaseRuntimeClasspath,lightningPlusDebugRuntimeClasspath,lightningPlusReleaseRuntimeClasspath
androidx.compose.runtime:runtime:1.12.0=lightningLiteDebugRuntimeClasspath,lightningLiteReleaseRuntimeClasspath,lightningPlusDebugRuntimeClasspath,lightningPlusReleaseRuntimeClasspath
androidx.compose.ui:ui-android:1.12.0=lightningLiteDebugRuntimeClasspath,lightningLiteReleaseRuntimeClasspath,lightningPlusDebugRuntimeClasspath,lightningPlusReleaseRuntimeClasspath
androidx.compose.ui:ui-geometry-android:1.12.0=lightningLiteDebugRuntimeClasspath,lightningLiteReleaseRuntimeClasspath,lightningPlusDebugRuntimeClasspath,lightningPlusReleaseRuntimeClasspath
androidx.compose.ui:ui-geometry:1.12.0=lightningLiteDebugRuntimeClasspath,lightningLiteReleaseRuntimeClasspath,lightningPlusDebugRuntimeClasspath,lightningPlusReleaseRuntimeClasspath
androidx.compose.ui:ui-graphics-android:1.12.0=lightningLiteDebugRuntimeClasspath,lightningLiteReleaseRuntimeClasspath,lightningPlusDebugRuntimeClasspath,lightningPlusReleaseRuntimeClasspath
androidx.compose.ui:ui-graphics:1.12.0=lightningLiteDebugRuntimeClasspath,lightningLiteReleaseRuntimeClasspath,lightningPlusDebugRuntimeClasspath,lightningPlusReleaseRuntimeClasspath
androidx.compose.ui:ui-text-android:1.12.0=lightningLiteDebugRuntimeClasspath,lightningLiteReleaseRuntimeClasspath,lightningPlusDebugRuntimeClasspath,lightningPlusReleaseRuntimeClasspath
androidx.compose.ui:ui-text:1.12.0=lightningLiteDebugRuntimeClasspath,lightningLiteReleaseRuntimeClasspath,lightningPlusDebugRuntimeClasspath,lightningPlusReleaseRuntimeClasspath
androidx.compose.ui:ui-tooling-android:1.12.0=lightningLiteDebugRuntimeClasspath,lightningPlusDebugRuntimeClasspath
androidx.compose.ui:ui-tooling-data-android:1.12.0=lightningLiteDebugRuntimeClasspath,lightningPlusDebugRuntimeClasspath
androidx.compose.ui:ui-tooling-data:1.12.0=lightningLiteDebugRuntimeClasspath,lightningPlusDebugRuntimeClasspath
androidx.compose.ui:ui-tooling-preview-android:1.12.0=lightningLiteDebugRuntimeClasspath,lightningLiteReleaseRuntimeClasspath,lightningPlusDebugRuntimeClasspath,lightningPlusReleaseRuntimeClasspath
androidx.compose.ui:ui-tooling-preview:1.12.0=lightningLiteDebugRuntimeClasspath,lightningLiteReleaseRuntimeClasspath,lightningPlusDebugRuntimeClasspath,lightningPlusReleaseRuntimeClasspath
androidx.compose.ui:ui-tooling:1.12.0=lightningLiteDebugRuntimeClasspath,lightningPlusDebugRuntimeClasspath
androidx.compose.ui:ui-unit-android:1.12.0=lightningLiteDebugRuntimeClasspath,lightningLiteReleaseRuntimeClasspath,lightningPlusDebugRuntimeClasspath,lightningPlusReleaseRuntimeClasspath
androidx.compose.ui:ui-unit:1.12.0=lightningLiteDebugRuntimeClasspath,lightningLiteReleaseRuntimeClasspath,lightningPlusDebugRuntimeClasspath,lightningPlusReleaseRuntimeClasspath
androidx.compose.ui:ui-util-android:1.12.0=lightningLiteDebugRuntimeClasspath,lightningLiteReleaseRuntimeClasspath,lightningPlusDebugRuntimeClasspath,lightningPlusReleaseRuntimeClasspath
androidx.compose.ui:ui-util:1.12.0=lightningLiteDebugRuntimeClasspath,lightningLiteReleaseRuntimeClasspath,lightningPlusDebugRuntimeClasspath,lightningPlusReleaseRuntimeClasspath
androidx.compose.ui:ui:1.12.0=lightningLiteDebugRuntimeClasspath,lightningLiteReleaseRuntimeClasspath,lightningPlusDebugRuntimeClasspath,lightningPlusReleaseRuntimeClasspath
androidx.compose:compose-bom:2026.08.00=lightningLiteDebugRuntimeClasspath,lightningLiteReleaseRuntimeClasspath,lightningPlusDebugRuntimeClasspath,lightningPlusReleaseRuntimeClasspath
androidx.concurrent:concurrent-futures:1.1.0=lightningLiteDebugRuntimeClasspath,lightningLiteReleaseRuntimeClasspath,lightningPlusDebugRuntimeClasspath,lightningPlusReleaseRuntimeClasspath
androidx.constraintlayout:constraintlayout-core:1.1.1=lightningLiteDebugRuntimeClasspath,lightningLiteReleaseRuntimeClasspath,lightningPlusDebugRuntimeClasspath,lightningPlusReleaseRuntimeClasspath
androidx.constraintlayout:constraintlayout:2.2.1=lightningLiteDebugRuntimeClasspath,lightningLiteReleaseRuntimeClasspath,lightningPlusDebugRuntimeClasspath,lightningPlusReleaseRuntimeClasspath
androidx.coordinatorlayout:coordinatorlayout:1.1.0=lightningLiteDebugRuntimeClasspath,lightningLiteReleaseRuntimeClasspath,lightningPlusDebugRuntimeClasspath,lightningPlusReleaseRuntimeClasspath
androidx.core:core-ktx:1.19.0=lightningLiteDebugRuntimeClasspath,lightningLiteReleaseRuntimeClasspath,lightningPlusDebugRuntimeClasspath,lightningPlusReleaseRuntimeClasspath
androidx.core:core-viewtree:1.0.0=lightningLiteDebugRuntimeClasspath,lightningLiteReleaseRuntimeClasspath,lightningPlusDebugRuntimeClasspath,lightningPlusReleaseRuntimeClasspath
androidx.core:core:1.19.0=lightningLiteDebugRuntimeClasspath,lightningLiteReleaseRuntimeClasspath,lightningPlusDebugRuntimeClasspath,lightningPlusReleaseRuntimeClasspath
androidx.cursoradapter:cursoradapter:1.0.0=lightningLiteDebugRuntimeClasspath,lightningLiteReleaseRuntimeClasspath,lightningPlusDebugRuntimeClasspath,lightningPlusReleaseRuntimeClasspath
androidx.customview:customview-poolingcontainer:1.0.0=lightningLiteDebugRuntimeClasspath,lightningLiteReleaseRuntimeClasspath,lightningPlusDebugRuntimeClasspath,lightningPlusReleaseRuntimeClasspath
androidx.customview:customview:1.2.0=lightningLiteDebugRuntimeClasspath,lightningLiteReleaseRuntimeClasspath,lightningPlusDebugRuntimeClasspath,lightningPlusReleaseRuntimeClasspath
androidx.databinding:viewbinding:9.3.2=lightningLiteDebugRuntimeClasspath,lightningLiteReleaseRuntimeClasspath,lightningPlusDebugRuntimeClasspath,lightningPlusReleaseRuntimeClasspath
androidx.datastore:datastore-android:1.2.1=lightningLiteDebugRuntimeClasspath,lightningLiteReleaseRuntimeClasspath,lightningPlusDebugRuntimeClasspath,lightningPlusReleaseRuntimeClasspath
androidx.datastore:datastore-core-android:1.2.1=lightningLiteDebugRuntimeClasspath,lightningLiteReleaseRuntimeClasspath,lightningPlusDebugRuntimeClasspath,lightningPlusReleaseRuntimeClasspath
androidx.datastore:datastore-core-okio-jvm:1.2.1=lightningLiteDebugRuntimeClasspath,lightningLiteReleaseRuntimeClasspath,lightningPlusDebugRuntimeClasspath,lightningPlusReleaseRuntimeClasspath
androidx.datastore:datastore-core-okio:1.2.1=lightningLiteDebugRuntimeClasspath,lightningLiteReleaseRuntimeClasspath,lightningPlusDebugRuntimeClasspath,lightningPlusReleaseRuntimeClasspath
androidx.datastore:datastore-core:1.2.1=lightningLiteDebugRuntimeClasspath,lightningLiteReleaseRuntimeClasspath,lightningPlusDebugRuntimeClasspath,lightningPlusReleaseRuntimeClasspath
androidx.datastore:datastore-preferences-android:1.2.1=lightningLiteDebugRuntimeClasspath,lightningLiteReleaseRuntimeClasspath,lightningPlusDebugRuntimeClasspath,lightningPlusReleaseRuntimeClasspath
androidx.datastore:datastore-preferences-core-android:1.2.1=lightningLiteDebugRuntimeClasspath,lightningLiteReleaseRuntimeClasspath,lightningPlusDebugRuntimeClasspath,lightningPlusReleaseRuntimeClasspath
androidx.datastore:datastore-preferences-core:1.2.1=lightningLiteDebugRuntimeClasspath,lightningLiteReleaseRuntimeClasspath,lightningPlusDebugRuntimeClasspath,lightningPlusReleaseRuntimeClasspath
androidx.datastore:datastore-preferences-external-protobuf:1.2.1=lightningLiteDebugRuntimeClasspath,lightningLiteReleaseRuntimeClasspath,lightningPlusDebugRuntimeClasspath,lightningPlusReleaseRuntimeClasspath
androidx.datastore:datastore-preferences-proto:1.2.1=lightningLiteDebugRuntimeClasspath,lightningLiteReleaseRuntimeClasspath,lightningPlusDebugRuntimeClasspath,lightningPlusReleaseRuntimeClasspath
androidx.datastore:datastore-preferences:1.2.1=lightningLiteDebugRuntimeClasspath,lightningLiteReleaseRuntimeClasspath,lightningPlusDebugRuntimeClasspath,lightningPlusReleaseRuntimeClasspath
androidx.datastore:datastore:1.2.1=lightningLiteDebugRuntimeClasspath,lightningLiteReleaseRuntimeClasspath,lightningPlusDebugRuntimeClasspath,lightningPlusReleaseRuntimeClasspath
androidx.documentfile:documentfile:1.0.0=lightningLiteDebugRuntimeClasspath,lightningLiteReleaseRuntimeClasspath,lightningPlusDebugRuntimeClasspath,lightningPlusReleaseRuntimeClasspath
androidx.drawerlayout:drawerlayout:1.1.1=lightningLiteDebugRuntimeClasspath,lightningLiteReleaseRuntimeClasspath,lightningPlusDebugRuntimeClasspath,lightningPlusReleaseRuntimeClasspath
androidx.dynamicanimation:dynamicanimation:1.1.0=lightningLiteDebugRuntimeClasspath,lightningLiteReleaseRuntimeClasspath,lightningPlusDebugRuntimeClasspath,lightningPlusReleaseRuntimeClasspath
androidx.emoji2:emoji2-views-helper:1.4.0=lightningLiteDebugRuntimeClasspath,lightningLiteReleaseRuntimeClasspath,lightningPlusDebugRuntimeClasspath,lightningPlusReleaseRuntimeClasspath
androidx.emoji2:emoji2:1.4.0=lightningLiteDebugRuntimeClasspath,lightningLiteReleaseRuntimeClasspath,lightningPlusDebugRuntimeClasspath,lightningPlusReleaseRuntimeClasspath
androidx.exifinterface:exifinterface:1.4.2=lightningLiteDebugRuntimeClasspath,lightningLiteReleaseRuntimeClasspath,lightningPlusDebugRuntimeClasspath,lightningPlusReleaseRuntimeClasspath
androidx.fragment:fragment:1.9.0=lightningLiteDebugRuntimeClasspath,lightningLiteReleaseRuntimeClasspath,lightningPlusDebugRuntimeClasspath,lightningPlusReleaseRuntimeClasspath
androidx.graphics:graphics-path:1.0.1=lightningLiteDebugRuntimeClasspath,lightningLiteReleaseRuntimeClasspath,lightningPlusDebugRuntimeClasspath,lightningPlusReleaseRuntimeClasspath
androidx.graphics:graphics-shapes-android:1.0.1=lightningLiteDebugRuntimeClasspath,lightningLiteReleaseRuntimeClasspath,lightningPlusDebugRuntimeClasspath,lightningPlusReleaseRuntimeClasspath
androidx.graphics:graphics-shapes:1.0.1=lightningLiteDebugRuntimeClasspath,lightningLiteReleaseRuntimeClasspath,lightningPlusDebugRuntimeClasspath,lightningPlusReleaseRuntimeClasspath
androidx.interpolator:interpolator:1.0.0=lightningLiteDebugRuntimeClasspath,lightningLiteReleaseRuntimeClasspath,lightningPlusDebugRuntimeClasspath,lightningPlusReleaseRuntimeClasspath
androidx.legacy:legacy-support-core-utils:1.0.0=lightningLiteDebugRuntimeClasspath,lightningLiteReleaseRuntimeClasspath,lightningPlusDebugRuntimeClasspath,lightningPlusReleaseRuntimeClasspath
androidx.lifecycle:lifecycle-common-java8:2.11.0=lightningLiteDebugRuntimeClasspath,lightningLiteReleaseRuntimeClasspath,lightningPlusDebugRuntimeClasspath,lightningPlusReleaseRuntimeClasspath
androidx.lifecycle:lifecycle-common-jvm:2.11.0=lightningLiteDebugRuntimeClasspath,lightningLiteReleaseRuntimeClasspath,lightningPlusDebugRuntimeClasspath,lightningPlusReleaseRuntimeClasspath
androidx.lifecycle:lifecycle-common:2.11.0=lightningLiteDebugRuntimeClasspath,lightningLiteReleaseRuntimeClasspath,lightningPlusDebugRuntimeClasspath,lightningPlusReleaseRuntimeClasspath
androidx.lifecycle:lifecycle-livedata-core-ktx:2.11.0=lightningLiteDebugRuntimeClasspath,lightningLiteReleaseRuntimeClasspath,lightningPlusDebugRuntimeClasspath,lightningPlusReleaseRuntimeClasspath
androidx.lifecycle:lifecycle-livedata-core:2.11.0=lightningLiteDebugRuntimeClasspath,lightningLiteReleaseRuntimeClasspath,lightningPlusDebugRuntimeClasspath,lightningPlusReleaseRuntimeClasspath
androidx.lifecycle:lifecycle-livedata:2.11.0=lightningLiteDebugRuntimeClasspath,lightningLiteReleaseRuntimeClasspath,lightningPlusDebugRuntimeClasspath,lightningPlusReleaseRuntimeClasspath
androidx.lifecycle:lifecycle-process:2.11.0=lightningLiteDebugRuntimeClasspath,lightningLiteReleaseRuntimeClasspath,lightningPlusDebugRuntimeClasspath,lightningPlusReleaseRuntimeClasspath
androidx.lifecycle:lifecycle-runtime-android:2.11.0=lightningLiteDebugRuntimeClasspath,lightningLiteReleaseRuntimeClasspath,lightningPlusDebugRuntimeClasspath,lightningPlusReleaseRuntimeClasspath
androidx.lifecycle:lifecycle-runtime-compose-android:2.11.0=lightningLiteDebugRuntimeClasspath,lightningLiteReleaseRuntimeClasspath,lightningPlusDebugRuntimeClasspath,lightningPlusReleaseRuntimeClasspath
androidx.lifecycle:lifecycle-runtime-compose:2.11.0=lightningLiteDebugRuntimeClasspath,lightningLiteReleaseRuntimeClasspath,lightningPlusDebugRuntimeClasspath,lightningPlusReleaseRuntimeClasspath
androidx.lifecycle:lifecycle-runtime-ktx-android:2.11.0=lightningLiteDebugRuntimeClasspath,lightningLiteReleaseRuntimeClasspath,lightningPlusDebugRuntimeClasspath,lightningPlusReleaseRuntimeClasspath
androidx.lifecycle:lifecycle-runtime-ktx:2.11.0=lightningLiteDebugRuntimeClasspath,lightningLiteReleaseRuntimeClasspath,lightningPlusDebugRuntimeClasspath,lightningPlusReleaseRuntimeClasspath
androidx.lifecycle:lifecycle-runtime:2.11.0=lightningLiteDebugRuntimeClasspath,lightningLiteReleaseRuntimeClasspath,lightningPlusDebugRuntimeClasspath,lightningPlusReleaseRuntimeClasspath
androidx.lifecycle:lifecycle-viewmodel-android:2.11.0=lightningLiteDebugRuntimeClasspath,lightningLiteReleaseRuntimeClasspath,lightningPlusDebugRuntimeClasspath,lightningPlusReleaseRuntimeClasspath
androidx.lifecycle:lifecycle-viewmodel-compose-android:2.11.0=lightningLiteDebugRuntimeClasspath,lightningLiteReleaseRuntimeClasspath,lightningPlusDebugRuntimeClasspath,lightningPlusReleaseRuntimeClasspath
androidx.lifecycle:lifecycle-viewmodel-compose:2.11.0=lightningLiteDebugRuntimeClasspath,lightningLiteReleaseRuntimeClasspath,lightningPlusDebugRuntimeClasspath,lightningPlusReleaseRuntimeClasspath
androidx.lifecycle:lifecycle-viewmodel-ktx:2.11.0=lightningLiteDebugRuntimeClasspath,lightningLiteReleaseRuntimeClasspath,lightningPlusDebugRuntimeClasspath,lightningPlusReleaseRuntimeClasspath
androidx.lifecycle:lifecycle-viewmodel-savedstate-android:2.11.0=lightningLiteDebugRuntimeClasspath,lightningLiteReleaseRuntimeClasspath,lightningPlusDebugRuntimeClasspath,lightningPlusReleaseRuntimeClasspath
androidx.lifecycle:lifecycle-viewmodel-savedstate:2.11.0=lightningLiteDebugRuntimeClasspath,lightningLiteReleaseRuntimeClasspath,lightningPlusDebugRuntimeClasspath,lightningPlusReleaseRuntimeClasspath
androidx.lifecycle:lifecycle-viewmodel:2.11.0=lightningLiteDebugRuntimeClasspath,lightningLiteReleaseRuntimeClasspath,lightningPlusDebugRuntimeClasspath,lightningPlusReleaseRuntimeClasspath
androidx.loader:loader:1.0.0=lightningLiteDebugRuntimeClasspath,lightningLiteReleaseRuntimeClasspath,lightningPlusDebugRuntimeClasspath,lightningPlusReleaseRuntimeClasspath
androidx.localbroadcastmanager:localbroadcastmanager:1.0.0=lightningLiteDebugRuntimeClasspath,lightningLiteReleaseRuntimeClasspath,lightningPlusDebugRuntimeClasspath,lightningPlusReleaseRuntimeClasspath
androidx.navigationevent:navigationevent-android:1.0.0=lightningLiteDebugRuntimeClasspath,lightningLiteReleaseRuntimeClasspath,lightningPlusDebugRuntimeClasspath,lightningPlusReleaseRuntimeClasspath
androidx.navigationevent:navigationevent-compose-android:1.0.0=lightningLiteDebugRuntimeClasspath,lightningLiteReleaseRuntimeClasspath,lightningPlusDebugRuntimeClasspath,lightningPlusReleaseRuntimeClasspath
androidx.navigationevent:navigationevent-compose:1.0.0=lightningLiteDebugRuntimeClasspath,lightningLiteReleaseRuntimeClasspath,lightningPlusDebugRuntimeClasspath,lightningPlusReleaseRuntimeClasspath
androidx.navigationevent:navigationevent:1.0.0=lightningLiteDebugRuntimeClasspath,lightningLiteReleaseRuntimeClasspath,lightningPlusDebugRuntimeClasspath,lightningPlusReleaseRuntimeClasspath
androidx.palette:palette:1.0.0=lightningLiteDebugRuntimeClasspath,lightningLiteReleaseRuntimeClasspath,lightningPlusDebugRuntimeClasspath,lightningPlusReleaseRuntimeClasspath
androidx.print:print:1.0.0=lightningLiteDebugRuntimeClasspath,lightningLiteReleaseRuntimeClasspath,lightningPlusDebugRuntimeClasspath,lightningPlusReleaseRuntimeClasspath
androidx.profileinstaller:profileinstaller:1.4.1=lightningLiteDebugRuntimeClasspath,lightningLiteReleaseRuntimeClasspath,lightningPlusDebugRuntimeClasspath,lightningPlusReleaseRuntimeClasspath
androidx.recyclerview:recyclerview:1.2.1=lightningLiteDebugRuntimeClasspath,lightningLiteReleaseRuntimeClasspath,lightningPlusDebugRuntimeClasspath,lightningPlusReleaseRuntimeClasspath
androidx.resourceinspection:resourceinspection-annotation:1.0.1=lightningLiteDebugRuntimeClasspath,lightningLiteReleaseRuntimeClasspath,lightningPlusDebugRuntimeClasspath,lightningPlusReleaseRuntimeClasspath
androidx.savedstate:savedstate-android:1.4.0=lightningLiteDebugRuntimeClasspath,lightningLiteReleaseRuntimeClasspath,lightningPlusDebugRuntimeClasspath,lightningPlusReleaseRuntimeClasspath
androidx.savedstate:savedstate-compose-android:1.4.0=lightningLiteDebugRuntimeClasspath,lightningLiteReleaseRuntimeClasspath,lightningPlusDebugRuntimeClasspath,lightningPlusReleaseRuntimeClasspath
androidx.savedstate:savedstate-compose:1.4.0=lightningLiteDebugRuntimeClasspath,lightningLiteReleaseRuntimeClasspath,lightningPlusDebugRuntimeClasspath,lightningPlusReleaseRuntimeClasspath
androidx.savedstate:savedstate-ktx:1.4.0=lightningLiteDebugRuntimeClasspath,lightningLiteReleaseRuntimeClasspath,lightningPlusDebugRuntimeClasspath,lightningPlusReleaseRuntimeClasspath
androidx.savedstate:savedstate:1.4.0=lightningLiteDebugRuntimeClasspath,lightningLiteReleaseRuntimeClasspath,lightningPlusDebugRuntimeClasspath,lightningPlusReleaseRuntimeClasspath
androidx.startup:startup-runtime:1.2.0=lightningLiteDebugRuntimeClasspath,lightningLiteReleaseRuntimeClasspath,lightningPlusDebugRuntimeClasspath,lightningPlusReleaseRuntimeClasspath
androidx.tracing:tracing-android:2.0.0=lightningLiteDebugRuntimeClasspath,lightningLiteReleaseRuntimeClasspath,lightningPlusDebugRuntimeClasspath,lightningPlusReleaseRuntimeClasspath
androidx.tracing:tracing:2.0.0=lightningLiteDebugRuntimeClasspath,lightningLiteReleaseRuntimeClasspath,lightningPlusDebugRuntimeClasspath,lightningPlusReleaseRuntimeClasspath
androidx.transition:transition:1.5.0=lightningLiteDebugRuntimeClasspath,lightningLiteReleaseRuntimeClasspath,lightningPlusDebugRuntimeClasspath,lightningPlusReleaseRuntimeClasspath
androidx.vectordrawable:vectordrawable-animated:1.1.0=lightningLiteDebugRuntimeClasspath,lightningLiteReleaseRuntimeClasspath,lightningPlusDebugRuntimeClasspath,lightningPlusReleaseRuntimeClasspath
androidx.vectordrawable:vectordrawable:1.1.0=lightningLiteDebugRuntimeClasspath,lightningLiteReleaseRuntimeClasspath,lightningPlusDebugRuntimeClasspath,lightningPlusReleaseRuntimeClasspath
androidx.versionedparcelable:versionedparcelable:1.1.1=lightningLiteDebugRuntimeClasspath,lightningLiteReleaseRuntimeClasspath,lightningPlusDebugRuntimeClasspath,lightningPlusReleaseRuntimeClasspath
androidx.viewpager2:viewpager2:1.0.0=lightningLiteDebugRuntimeClasspath,lightningLiteReleaseRuntimeClasspath,lightningPlusDebugRuntimeClasspath,lightningPlusReleaseRuntimeClasspath
androidx.viewpager:viewpager:1.0.0=lightningLiteDebugRuntimeClasspath,lightningLiteReleaseRuntimeClasspath,lightningPlusDebugRuntimeClasspath,lightningPlusReleaseRuntimeClasspath
androidx.webkit:webkit:1.17.0=lightningLiteDebugRuntimeClasspath,lightningLiteReleaseRuntimeClasspath,lightningPlusDebugRuntimeClasspath,lightningPlusReleaseRuntimeClasspath
androidx.window:window-core-android:1.5.0=lightningLiteDebugRuntimeClasspath,lightningLiteReleaseRuntimeClasspath,lightningPlusDebugRuntimeClasspath,lightningPlusReleaseRuntimeClasspath
androidx.window:window-core:1.5.0=lightningLiteDebugRuntimeClasspath,lightningLiteReleaseRuntimeClasspath,lightningPlusDebugRuntimeClasspath,lightningPlusReleaseRuntimeClasspath
androidx.window:window:1.5.0=lightningLiteDebugRuntimeClasspath,lightningLiteReleaseRuntimeClasspath,lightningPlusDebugRuntimeClasspath,lightningPlusReleaseRuntimeClasspath
com.anthonycr.mezzanine:core:2.5.0=lightningLiteDebugRuntimeClasspath,lightningLiteReleaseRuntimeClasspath,lightningPlusDebugRuntimeClasspath,lightningPlusReleaseRuntimeClasspath
com.google.accompanist:accompanist-drawablepainter:0.37.3=lightningLiteDebugRuntimeClasspath,lightningLiteReleaseRuntimeClasspath,lightningPlusDebugRuntimeClasspath,lightningPlusReleaseRuntimeClasspath
com.google.android.material:material:1.14.0=lightningLiteDebugRuntimeClasspath,lightningLiteReleaseRuntimeClasspath,lightningPlusDebugRuntimeClasspath,lightningPlusReleaseRuntimeClasspath
com.google.dagger:dagger:2.60.1=lightningLiteDebugRuntimeClasspath,lightningLiteReleaseRuntimeClasspath,lightningPlusDebugRuntimeClasspath,lightningPlusReleaseRuntimeClasspath
com.google.errorprone:error_prone_annotations:2.15.0=lightningLiteDebugRuntimeClasspath,lightningLiteReleaseRuntimeClasspath,lightningPlusDebugRuntimeClasspath,lightningPlusReleaseRuntimeClasspath
com.google.guava:listenablefuture:1.0=lightningLiteDebugRuntimeClasspath,lightningLiteReleaseRuntimeClasspath,lightningPlusDebugRuntimeClasspath,lightningPlusReleaseRuntimeClasspath
com.guolindev.permissionx:permissionx:1.8.1=lightningLiteDebugRuntimeClasspath,lightningLiteReleaseRuntimeClasspath,lightningPlusDebugRuntimeClasspath,lightningPlusReleaseRuntimeClasspath
com.squareup.curtains:curtains:1.2.4=lightningLiteDebugRuntimeClasspath,lightningPlusDebugRuntimeClasspath
com.squareup.leakcanary:leakcanary-android-core:2.14=lightningLiteDebugRuntimeClasspath,lightningPlusDebugRuntimeClasspath
com.squareup.leakcanary:leakcanary-android-utils:2.14=lightningLiteDebugRuntimeClasspath,lightningPlusDebugRuntimeClasspath
com.squareup.leakcanary:leakcanary-android:2.14=lightningLiteDebugRuntimeClasspath,lightningPlusDebugRuntimeClasspath
com.squareup.leakcanary:leakcanary-object-watcher-android-androidx:2.14=lightningLiteDebugRuntimeClasspath,lightningPlusDebugRuntimeClasspath
com.squareup.leakcanary:leakcanary-object-watcher-android-core:2.14=lightningLiteDebugRuntimeClasspath,lightningPlusDebugRuntimeClasspath
com.squareup.leakcanary:leakcanary-object-watcher-android-support-fragments:2.14=lightningLiteDebugRuntimeClasspath,lightningPlusDebugRuntimeClasspath
com.squareup.leakcanary:leakcanary-object-watcher-android:2.14=lightningLiteDebugRuntimeClasspath,lightningPlusDebugRuntimeClasspath
com.squareup.leakcanary:leakcanary-object-watcher:2.14=lightningLiteDebugRuntimeClasspath,lightningPlusDebugRuntimeClasspath
com.squareup.leakcanary:plumber-android-core:2.14=lightningLiteDebugRuntimeClasspath,lightningPlusDebugRuntimeClasspath
com.squareup.leakcanary:plumber-android:2.14=lightningLiteDebugRuntimeClasspath,lightningPlusDebugRuntimeClasspath
com.squareup.leakcanary:shark-android:2.14=lightningLiteDebugRuntimeClasspath,lightningPlusDebugRuntimeClasspath
com.squareup.leakcanary:shark-graph:2.14=lightningLiteDebugRuntimeClasspath,lightningPlusDebugRuntimeClasspath
com.squareup.leakcanary:shark-hprof:2.14=lightningLiteDebugRuntimeClasspath,lightningPlusDebugRuntimeClasspath
com.squareup.leakcanary:shark-log:2.14=lightningLiteDebugRuntimeClasspath,lightningPlusDebugRuntimeClasspath
com.squareup.leakcanary:shark:2.14=lightningLiteDebugRuntimeClasspath,lightningPlusDebugRuntimeClasspath
com.squareup.okhttp3:okhttp-android:5.5.0=lightningLiteDebugRuntimeClasspath,lightningLiteReleaseRuntimeClasspath,lightningPlusDebugRuntimeClasspath,lightningPlusReleaseRuntimeClasspath
com.squareup.okhttp3:okhttp:5.5.0=lightningLiteDebugRuntimeClasspath,lightningLiteReleaseRuntimeClasspath,lightningPlusDebugRuntimeClasspath,lightningPlusReleaseRuntimeClasspath
com.squareup.okio:okio-jvm:3.18.1=lightningLiteDebugRuntimeClasspath,lightningLiteReleaseRuntimeClasspath,lightningPlusDebugRuntimeClasspath,lightningPlusReleaseRuntimeClasspath
com.squareup.okio:okio:3.18.1=lightningLiteDebugRuntimeClasspath,lightningLiteReleaseRuntimeClasspath,lightningPlusDebugRuntimeClasspath,lightningPlusReleaseRuntimeClasspath
io.coil-kt.coil3:coil-android:3.6.0=lightningLiteDebugRuntimeClasspath,lightningLiteReleaseRuntimeClasspath,lightningPlusDebugRuntimeClasspath,lightningPlusReleaseRuntimeClasspath
io.coil-kt.coil3:coil-compose-android:3.6.0=lightningLiteDebugRuntimeClasspath,lightningLiteReleaseRuntimeClasspath,lightningPlusDebugRuntimeClasspath,lightningPlusReleaseRuntimeClasspath
io.coil-kt.coil3:coil-compose-core-android:3.6.0=lightningLiteDebugRuntimeClasspath,lightningLiteReleaseRuntimeClasspath,lightningPlusDebugRuntimeClasspath,lightningPlusReleaseRuntimeClasspath
io.coil-kt.coil3:coil-compose-core:3.6.0=lightningLiteDebugRuntimeClasspath,lightningLiteReleaseRuntimeClasspath,lightningPlusDebugRuntimeClasspath,lightningPlusReleaseRuntimeClasspath
io.coil-kt.coil3:coil-compose:3.6.0=lightningLiteDebugRuntimeClasspath,lightningLiteReleaseRuntimeClasspath,lightningPlusDebugRuntimeClasspath,lightningPlusReleaseRuntimeClasspath
io.coil-kt.coil3:coil-core-android:3.6.0=lightningLiteDebugRuntimeClasspath,lightningLiteReleaseRuntimeClasspath,lightningPlusDebugRuntimeClasspath,lightningPlusReleaseRuntimeClasspath
io.coil-kt.coil3:coil-core:3.6.0=lightningLiteDebugRuntimeClasspath,lightningLiteReleaseRuntimeClasspath,lightningPlusDebugRuntimeClasspath,lightningPlusReleaseRuntimeClasspath
io.coil-kt.coil3:coil-network-core-android:3.6.0=lightningLiteDebugRuntimeClasspath,lightningLiteReleaseRuntimeClasspath,lightningPlusDebugRuntimeClasspath,lightningPlusReleaseRuntimeClasspath
io.coil-kt.coil3:coil-network-core:3.6.0=lightningLiteDebugRuntimeClasspath,lightningLiteReleaseRuntimeClasspath,lightningPlusDebugRuntimeClasspath,lightningPlusReleaseRuntimeClasspath
io.coil-kt.coil3:coil-network-okhttp-android:3.6.0=lightningLiteDebugRuntimeClasspath,lightningLiteReleaseRuntimeClasspath,lightningPlusDebugRuntimeClasspath,lightningPlusReleaseRuntimeClasspath
io.coil-kt.coil3:coil-network-okhttp:3.6.0=lightningLiteDebugRuntimeClasspath,lightningLiteReleaseRuntimeClasspath,lightningPlusDebugRuntimeClasspath,lightningPlusReleaseRuntimeClasspath
io.coil-kt.coil3:coil:3.6.0=lightningLiteDebugRuntimeClasspath,lightningLiteReleaseRuntimeClasspath,lightningPlusDebugRuntimeClasspath,lightningPlusReleaseRuntimeClasspath
jakarta.inject:jakarta.inject-api:2.0.1=lightningLiteDebugRuntimeClasspath,lightningLiteReleaseRuntimeClasspath,lightningPlusDebugRuntimeClasspath,lightningPlusReleaseRuntimeClasspath
javax.inject:javax.inject:1=lightningLiteDebugRuntimeClasspath,lightningLiteReleaseRuntimeClasspath,lightningPlusDebugRuntimeClasspath,lightningPlusReleaseRuntimeClasspath
org.jetbrains.androidx.lifecycle:lifecycle-common:2.9.6=lightningLiteDebugRuntimeClasspath,lightningLiteReleaseRuntimeClasspath,lightningPlusDebugRuntimeClasspath,lightningPlusReleaseRuntimeClasspath
org.jetbrains.androidx.lifecycle:lifecycle-runtime-compose:2.9.6=lightningLiteDebugRuntimeClasspath,lightningLiteReleaseRuntimeClasspath,lightningPlusDebugRuntimeClasspath,lightningPlusReleaseRuntimeClasspath
org.jetbrains.androidx.lifecycle:lifecycle-runtime:2.9.6=lightningLiteDebugRuntimeClasspath,lightningLiteReleaseRuntimeClasspath,lightningPlusDebugRuntimeClasspath,lightningPlusReleaseRuntimeClasspath
org.jetbrains.androidx.savedstate:savedstate-compose:1.3.6=lightningLiteDebugRuntimeClasspath,lightningLiteReleaseRuntimeClasspath,lightningPlusDebugRuntimeClasspath,lightningPlusReleaseRuntimeClasspath
org.jetbrains.androidx.savedstate:savedstate:1.3.6=lightningLiteDebugRuntimeClasspath,lightningLiteReleaseRuntimeClasspath,lightningPlusDebugRuntimeClasspath,lightningPlusReleaseRuntimeClasspath
org.jetbrains.compose.animation:animation-android:1.12.0=lightningLiteDebugRuntimeClasspath,lightningLiteReleaseRuntimeClasspath,lightningPlusDebugRuntimeClasspath,lightningPlusReleaseRuntimeClasspath
org.jetbrains.compose.animation:animation-core-android:1.12.0=lightningLiteDebugRuntimeClasspath,lightningLiteReleaseRuntimeClasspath,lightningPlusDebugRuntimeClasspath,lightningPlusReleaseRuntimeClasspath
org.jetbrains.compose.animation:animation-core:1.12.0=lightningLiteDebugRuntimeClasspath,lightningLiteReleaseRuntimeClasspath,lightningPlusDebugRuntimeClasspath,lightningPlusReleaseRuntimeClasspath
org.jetbrains.compose.animation:animation:1.12.0=lightningLiteDebugRuntimeClasspath,lightningLiteReleaseRuntimeClasspath,lightningPlusDebugRuntimeClasspath,lightningPlusReleaseRuntimeClasspath
org.jetbrains.compose.foundation:foundation-android:1.12.0=lightningLiteDebugRuntimeClasspath,lightningLiteReleaseRuntimeClasspath,lightningPlusDebugRuntimeClasspath,lightningPlusReleaseRuntimeClasspath
org.jetbrains.compose.foundation:foundation-layout-android:1.12.0=lightningLiteDebugRuntimeClasspath,lightningLiteReleaseRuntimeClasspath,lightningPlusDebugRuntimeClasspath,lightningPlusReleaseRuntimeClasspath
org.jetbrains.compose.foundation:foundation-layout:1.12.0=lightningLiteDebugRuntimeClasspath,lightningLiteReleaseRuntimeClasspath,lightningPlusDebugRuntimeClasspath,lightningPlusReleaseRuntimeClasspath
org.jetbrains.compose.foundation:foundation:1.12.0=lightningLiteDebugRuntimeClasspath,lightningLiteReleaseRuntimeClasspath,lightningPlusDebugRuntimeClasspath,lightningPlusReleaseRuntimeClasspath
org.jetbrains.compose.runtime:runtime-android:1.12.0=lightningLiteDebugRuntimeClasspath,lightningLiteReleaseRuntimeClasspath,lightningPlusDebugRuntimeClasspath,lightningPlusReleaseRuntimeClasspath
org.jetbrains.compose.runtime:runtime-saveable-android:1.12.0=lightningLiteDebugRuntimeClasspath,lightningLiteReleaseRuntimeClasspath,lightningPlusDebugRuntimeClasspath,lightningPlusReleaseRuntimeClasspath
org.jetbrains.compose.runtime:runtime-saveable:1.12.0=lightningLiteDebugRuntimeClasspath,lightningLiteReleaseRuntimeClasspath,lightningPlusDebugRuntimeClasspath,lightningPlusReleaseRuntimeClasspath
org.jetbrains.compose.runtime:runtime:1.12.0=lightningLiteDebugRuntimeClasspath,lightningLiteReleaseRuntimeClasspath,lightningPlusDebugRuntimeClasspath,lightningPlusReleaseRuntimeClasspath
org.jetbrains.compose.ui:ui-android:1.12.0=lightningLiteDebugRuntimeClasspath,lightningLiteReleaseRuntimeClasspath,lightningPlusDebugRuntimeClasspath,lightningPlusReleaseRuntimeClasspath
org.jetbrains.compose.ui:ui-geometry-android:1.12.0=lightningLiteDebugRuntimeClasspath,lightningLiteReleaseRuntimeClasspath,lightningPlusDebugRuntimeClasspath,lightningPlusReleaseRuntimeClasspath
org.jetbrains.compose.ui:ui-geometry:1.12.0=lightningLiteDebugRuntimeClasspath,lightningLiteReleaseRuntimeClasspath,lightningPlusDebugRuntimeClasspath,lightningPlusReleaseRuntimeClasspath
org.jetbrains.compose.ui:ui-graphics-android:1.12.0=lightningLiteDebugRuntimeClasspath,lightningLiteReleaseRuntimeClasspath,lightningPlusDebugRuntimeClasspath,lightningPlusReleaseRuntimeClasspath
org.jetbrains.compose.ui:ui-graphics:1.12.0=lightningLiteDebugRuntimeClasspath,lightningLiteReleaseRuntimeClasspath,lightningPlusDebugRuntimeClasspath,lightningPlusReleaseRuntimeClasspath
org.jetbrains.compose.ui:ui-text-android:1.12.0=lightningLiteDebugRuntimeClasspath,lightningLiteReleaseRuntimeClasspath,lightningPlusDebugRuntimeClasspath,lightningPlusReleaseRuntimeClasspath
org.jetbrains.compose.ui:ui-text:1.12.0=lightningLiteDebugRuntimeClasspath,lightningLiteReleaseRuntimeClasspath,lightningPlusDebugRuntimeClasspath,lightningPlusReleaseRuntimeClasspath
org.jetbrains.compose.ui:ui-unit-android:1.12.0=lightningLiteDebugRuntimeClasspath,lightningLiteReleaseRuntimeClasspath,lightningPlusDebugRuntimeClasspath,lightningPlusReleaseRuntimeClasspath
org.jetbrains.compose.ui:ui-unit:1.12.0=lightningLiteDebugRuntimeClasspath,lightningLiteReleaseRuntimeClasspath,lightningPlusDebugRuntimeClasspath,lightningPlusReleaseRuntimeClasspath
org.jetbrains.compose.ui:ui-util-android:1.12.0=lightningLiteDebugRuntimeClasspath,lightningLiteReleaseRuntimeClasspath,lightningPlusDebugRuntimeClasspath,lightningPlusReleaseRuntimeClasspath
org.jetbrains.compose.ui:ui-util:1.12.0=lightningLiteDebugRuntimeClasspath,lightningLiteReleaseRuntimeClasspath,lightningPlusDebugRuntimeClasspath,lightningPlusReleaseRuntimeClasspath
org.jetbrains.compose.ui:ui:1.12.0=lightningLiteDebugRuntimeClasspath,lightningLiteReleaseRuntimeClasspath,lightningPlusDebugRuntimeClasspath,lightningPlusReleaseRuntimeClasspath
org.jetbrains.kotlin:kotlin-bom:1.8.22=lightningLiteDebugRuntimeClasspath,lightningLiteReleaseRuntimeClasspath,lightningPlusDebugRuntimeClasspath,lightningPlusReleaseRuntimeClasspath
org.jetbrains.kotlin:kotlin-stdlib-jdk7:1.9.0=lightningLiteDebugRuntimeClasspath,lightningLiteReleaseRuntimeClasspath,lightningPlusDebugRuntimeClasspath,lightningPlusReleaseRuntimeClasspath
org.jetbrains.kotlin:kotlin-stdlib-jdk8:1.9.0=lightningLiteDebugRuntimeClasspath,lightningLiteReleaseRuntimeClasspath,lightningPlusDebugRuntimeClasspath,lightningPlusReleaseRuntimeClasspath
org.jetbrains.kotlin:kotlin-stdlib:2.4.10=lightningLiteDebugRuntimeClasspath,lightningLiteReleaseRuntimeClasspath,lightningPlusDebugRuntimeClasspath,lightningPlusReleaseRuntimeClasspath
org.jetbrains.kotlinx:kotlinx-coroutines-android:1.11.0=lightningLiteDebugRuntimeClasspath,lightningLiteReleaseRuntimeClasspath,lightningPlusDebugRuntimeClasspath,lightningPlusReleaseRuntimeClasspath
org.jetbrains.kotlinx:kotlinx-coroutines-bom:1.11.0=lightningLiteDebugRuntimeClasspath,lightningLiteReleaseRuntimeClasspath,lightningPlusDebugRuntimeClasspath,lightningPlusReleaseRuntimeClasspath
org.jetbrains.kotlinx:kotlinx-coroutines-core-jvm:1.11.0=lightningLiteDebugRuntimeClasspath,lightningLiteReleaseRuntimeClasspath,lightningPlusDebugRuntimeClasspath,lightningPlusReleaseRuntimeClasspath
org.jetbrains.kotlinx:kotlinx-coroutines-core:1.11.0=lightningLiteDebugRuntimeClasspath,lightningLiteReleaseRuntimeClasspath,lightningPlusDebugRuntimeClasspath,lightningPlusReleaseRuntimeClasspath
org.jetbrains.kotlinx:kotlinx-serialization-bom:1.11.0=lightningLiteDebugRuntimeClasspath,lightningLiteReleaseRuntimeClasspath,lightningPlusDebugRuntimeClasspath,lightningPlusReleaseRuntimeClasspath
org.jetbrains.kotlinx:kotlinx-serialization-core-jvm:1.11.0=lightningLiteDebugRuntimeClasspath,lightningLiteReleaseRuntimeClasspath,lightningPlusDebugRuntimeClasspath,lightningPlusReleaseRuntimeClasspath
org.jetbrains.kotlinx:kotlinx-serialization-core:1.11.0=lightningLiteDebugRuntimeClasspath,lightningLiteReleaseRuntimeClasspath,lightningPlusDebugRuntimeClasspath,lightningPlusReleaseRuntimeClasspath
org.jetbrains.kotlinx:kotlinx-serialization-json-jvm:1.11.0=lightningLiteDebugRuntimeClasspath,lightningLiteReleaseRuntimeClasspath,lightningPlusDebugRuntimeClasspath,lightningPlusReleaseRuntimeClasspath
org.jetbrains.kotlinx:kotlinx-serialization-json:1.11.0=lightningLiteDebugRuntimeClasspath,lightningLiteReleaseRuntimeClasspath,lightningPlusDebugRuntimeClasspath,lightningPlusReleaseRuntimeClasspath
org.jetbrains:annotations:23.0.0=lightningLiteDebugRuntimeClasspath,lightningLiteReleaseRuntimeClasspath,lightningPlusDebugRuntimeClasspath,lightningPlusReleaseRuntimeClasspath
org.jsoup:jsoup:1.23.2=lightningLiteDebugRuntimeClasspath,lightningLiteReleaseRuntimeClasspath,lightningPlusDebugRuntimeClasspath,lightningPlusReleaseRuntimeClasspath
org.jspecify:jspecify:1.0.0=lightningLiteDebugRuntimeClasspath,lightningLiteReleaseRuntimeClasspath,lightningPlusDebugRuntimeClasspath,lightningPlusReleaseRuntimeClasspath
empty=
